
Microsoft Visual Studio Solution File, Format Version 12.00
# Visual Studio Version 17
VisualStudioVersion = 17.13.35818.85
MinimumVisualStudioVersion = 10.0.40219.1
Project("{FAE04EC0-301F-11D3-BF4B-00C04F79EFBC}") = "FirstHomeworkCSharp", "FirstHomeworkCSharp\FirstHomeworkCSharp.csproj", "{DAC7B788-5645-4D51-8BF1-4724459DB557}"
EndProject
Project("{FAE04EC0-301F-11D3-BF4B-00C04F79EFBC}") = "Homeworks", "Homeworks\Homeworks.csproj", "{1A0ABA2B-B5C0-47EA-90BD-8112EE426C21}"
EndProject
Project("{FAE04EC0-301F-11D3-BF4B-00C04F79EFBC}") = "Homework03", "Homework03\Homework03.csproj", "{A9A3B936-29A4-4970-827E-8C889E1CD107}"
EndProject
Project("{FAE04EC0-301F-11D3-BF4B-00C04F79EFBC}") = "Homework2", "Homework2\Homework2.csproj", "{3899B9B4-67C7-4546-8655-534A2C2F80EA}"
EndProject
Global
	GlobalSection(SolutionConfigurationPlatforms) = preSolution
		Debug|Any CPU = Debug|Any CPU
		Release|Any CPU = Release|Any CPU
	EndGlobalSection
	GlobalSection(ProjectConfigurationPlatforms) = postSolution
		{DAC7B788-5645-4D51-8BF1-4724459DB557}.Debug|Any CPU.ActiveCfg = Debug|Any CPU
		{DAC7B788-5645-4D51-8BF1-4724459DB557}.Debug|Any CPU.Build.0 = Debug|Any CPU
		{DAC7B788-5645-4D51-8BF1-4724459DB557}.Release|Any CPU.ActiveCfg = Release|Any CPU
		{DAC7B788-5645-4D51-8BF1-4724459DB557}.Release|Any CPU.Build.0 = Release|Any CPU
		{1A0ABA2B-B5C0-47EA-90BD-8112EE426C21}.Debug|Any CPU.ActiveCfg = Debug|Any CPU
		{1A0ABA2B-B5C0-47EA-90BD-8112EE426C21}.Debug|Any CPU.Build.0 = Debug|Any CPU
		{1A0ABA2B-B5C0-47EA-90BD-8112EE426C21}.Release|Any CPU.ActiveCfg = Release|Any CPU
		{1A0ABA2B-B5C0-47EA-90BD-8112EE426C21}.Release|Any CPU.Build.0 = Release|Any CPU
		{A9A3B936-29A4-4970-827E-8C889E1CD107}.Debug|Any CPU.ActiveCfg = Debug|Any CPU
		{A9A3B936-29A4-4970-827E-8C889E1CD107}.Debug|Any CPU.Build.0 = Debug|Any CPU
		{A9A3B936-29A4-4970-827E-8C889E1CD107}.Release|Any CPU.ActiveCfg = Release|Any CPU
		{A9A3B936-29A4-4970-827E-8C889E1CD107}.Release|Any CPU.Build.0 = Release|Any CPU
		{3899B9B4-67C7-4546-8655-534A2C2F80EA}.Debug|Any CPU.ActiveCfg = Debug|Any CPU
		{3899B9B4-67C7-4546-8655-534A2C2F80EA}.Debug|Any CPU.Build.0 = Debug|Any CPU
		{3899B9B4-67C7-4546-8655-534A2C2F80EA}.Release|Any CPU.ActiveCfg = Release|Any CPU
		{3899B9B4-67C7-4546-8655-534A2C2F80EA}.Release|Any CPU.Build.0 = Release|Any CPU
	EndGlobalSection
	GlobalSection(SolutionProperties) = preSolution
		HideSolutionNode = FALSE
	EndGlobalSection
	GlobalSection(ExtensibilityGlobals) = postSolution
		SolutionGuid = {3C122886-FADB-472B-9C02-82F646C474A7}
	EndGlobalSection
EndGlobal
