
Microsoft Visual Studio Solution File, Format Version 12.00
# Visual Studio Version 17
VisualStudioVersion = 17.13.35818.85 d17.13
MinimumVisualStudioVersion = 10.0.40219.1
Project("{FAE04EC0-301F-11D3-BF4B-00C04F79EFBC}") = "Homework4", "Homework4\Homework4.csproj", "{F0CC48B6-0633-4AF8-B455-579AFEBCA3DC}"
EndProject
Global
	GlobalSection(SolutionConfigurationPlatforms) = preSolution
		Debug|Any CPU = Debug|Any CPU
		Release|Any CPU = Release|Any CPU
	EndGlobalSection
	GlobalSection(ProjectConfigurationPlatforms) = postSolution
		{F0CC48B6-0633-4AF8-B455-579AFEBCA3DC}.Debug|Any CPU.ActiveCfg = Debug|Any CPU
		{F0CC48B6-0633-4AF8-B455-579AFEBCA3DC}.Debug|Any CPU.Build.0 = Debug|Any CPU
		{F0CC48B6-0633-4AF8-B455-579AFEBCA3DC}.Release|Any CPU.ActiveCfg = Release|Any CPU
		{F0CC48B6-0633-4AF8-B455-579AFEBCA3DC}.Release|Any CPU.Build.0 = Release|Any CPU
	EndGlobalSection
	GlobalSection(SolutionProperties) = preSolution
		HideSolutionNode = FALSE
	EndGlobalSection
	GlobalSection(ExtensibilityGlobals) = postSolution
		SolutionGuid = {DEA8289C-C9F3-4975-BF9B-396A3707F379}
	EndGlobalSection
EndGlobal
